// !$*UTF8*$!
{
	archiveVersion = 1;
	classes = {
	};
	objectVersion = 46;
	objects = {

/* Begin PBXBuildFile section */
		3157652A19DE559800A29335 /* main.m in Sources */ = {isa = PBXBuildFile; fileRef = 3157652919DE559800A29335 /* main.m */; };
		3157652D19DE559800A29335 /* AppDelegate.m in Sources */ = {isa = PBXBuildFile; fileRef = 3157652C19DE559800A29335 /* AppDelegate.m */; };
		3157653019DE559800A29335 /* GazeFocus.xcdatamodeld in Sources */ = {isa = PBXBuildFile; fileRef = 3157652E19DE559800A29335 /* GazeFocus.xcdatamodeld */; };
		3157653319DE559800A29335 /* ViewController.m in Sources */ = {isa = PBXBuildFile; fileRef = 3157653219DE559800A29335 /* ViewController.m */; };
		3157653619DE559800A29335 /* Main.storyboard in Resources */ = {isa = PBXBuildFile; fileRef = 3157653419DE559800A29335 /* Main.storyboard */; };
		3157653819DE559800A29335 /* Images.xcassets in Resources */ = {isa = PBXBuildFile; fileRef = 3157653719DE559800A29335 /* Images.xcassets */; };
		3157653B19DE559800A29335 /* LaunchScreen.xib in Resources */ = {isa = PBXBuildFile; fileRef = 3157653919DE559800A29335 /* LaunchScreen.xib */; };
		3157654719DE559800A29335 /* GazeFocusTests.m in Sources */ = {isa = PBXBuildFile; fileRef = 3157654619DE559800A29335 /* GazeFocusTests.m */; };
		3157655119DE580600A29335 /* GoogleMaps.framework in Frameworks */ = {isa = PBXBuildFile; fileRef = 3157655019DE580600A29335 /* GoogleMaps.framework */; };
		3157655319DE58D900A29335 /* GoogleMaps.bundle in Resources */ = {isa = PBXBuildFile; fileRef = 3157655219DE58D900A29335 /* GoogleMaps.bundle */; };
		3157655519DE590500A29335 /* AVFoundation.framework in Frameworks */ = {isa = PBXBuildFile; fileRef = 3157655419DE590500A29335 /* AVFoundation.framework */; };
		3157655719DE593C00A29335 /* libc++.dylib in Frameworks */ = {isa = PBXBuildFile; fileRef = 3157655619DE593C00A29335 /* libc++.dylib */; };
		3157655B19DE594400A29335 /* CoreData.framework in Frameworks */ = {isa = PBXBuildFile; fileRef = 3157655819DE594400A29335 /* CoreData.framework */; };
		3157655C19DE594400A29335 /* CoreLocation.framework in Frameworks */ = {isa = PBXBuildFile; fileRef = 3157655919DE594400A29335 /* CoreLocation.framework */; };
		3157655D19DE594400A29335 /* CoreText.framework in Frameworks */ = {isa = PBXBuildFile; fileRef = 3157655A19DE594400A29335 /* CoreText.framework */; };
		3157655F19DE594F00A29335 /* GLKit.framework in Frameworks */ = {isa = PBXBuildFile; fileRef = 3157655E19DE594F00A29335 /* GLKit.framework */; };
		3157656119DE595500A29335 /* ImageIO.framework in Frameworks */ = {isa = PBXBuildFile; fileRef = 3157656019DE595500A29335 /* ImageIO.framework */; };
		3157656319DE597700A29335 /* libz.dylib in Frameworks */ = {isa = PBXBuildFile; fileRef = 3157656219DE597700A29335 /* libz.dylib */; };
		3157656519DE597F00A29335 /* OpenGLES.framework in Frameworks */ = {isa = PBXBuildFile; fileRef = 3157656419DE597F00A29335 /* OpenGLES.framework */; };
		3157656719DE598500A29335 /* QuartzCore.framework in Frameworks */ = {isa = PBXBuildFile; fileRef = 3157656619DE598500A29335 /* QuartzCore.framework */; };
		3157656919DE599100A29335 /* SystemConfiguration.framework in Frameworks */ = {isa = PBXBuildFile; fileRef = 3157656819DE599100A29335 /* SystemConfiguration.framework */; };
		3157656D19DE607900A29335 /* redbox.png in Resources */ = {isa = PBXBuildFile; fileRef = 3157656C19DE607900A29335 /* redbox.png */; };
/* End PBXBuildFile section */

/* Begin PBXContainerItemProxy section */
		3157654119DE559800A29335 /* PBXContainerItemProxy */ = {
			isa = PBXContainerItemProxy;
			containerPortal = 3157651C19DE559800A29335 /* Project object */;
			proxyType = 1;
			remoteGlobalIDString = 3157652319DE559800A29335;
			remoteInfo = GazeFocus;
		};
/* End PBXContainerItemProxy section */

/* Begin PBXFileReference section */
		3157652419DE559800A29335 /* GazeFocus.app */ = {isa = PBXFileReference; explicitFileType = wrapper.application; includeInIndex = 0; path = GazeFocus.app; sourceTree = BUILT_PRODUCTS_DIR; };
		3157652819DE559800A29335 /* Info.plist */ = {isa = PBXFileReference; lastKnownFileType = text.plist.xml; path = Info.plist; sourceTree = "<group>"; };
		3157652919DE559800A29335 /* main.m */ = {isa = PBXFileReference; lastKnownFileType = sourcecode.c.objc; path = main.m; sourceTree = "<group>"; };
		3157652B19DE559800A29335 /* AppDelegate.h */ = {isa = PBXFileReference; lastKnownFileType = sourcecode.c.h; path = AppDelegate.h; sourceTree = "<group>"; };
		3157652C19DE559800A29335 /* AppDelegate.m */ = {isa = PBXFileReference; lastKnownFileType = sourcecode.c.objc; path = AppDelegate.m; sourceTree = "<group>"; };
		3157652F19DE559800A29335 /* GazeFocus.xcdatamodel */ = {isa = PBXFileReference; lastKnownFileType = wrapper.xcdatamodel; path = GazeFocus.xcdatamodel; sourceTree = "<group>"; };
		3157653119DE559800A29335 /* ViewController.h */ = {isa = PBXFileReference; lastKnownFileType = sourcecode.c.h; path = ViewController.h; sourceTree = "<group>"; };
		3157653219DE559800A29335 /* ViewController.m */ = {isa = PBXFileReference; lastKnownFileType = sourcecode.c.objc; path = ViewController.m; sourceTree = "<group>"; };
		3157653519DE559800A29335 /* Base */ = {isa = PBXFileReference; lastKnownFileType = file.storyboard; name = Base; path = Base.lproj/Main.storyboard; sourceTree = "<group>"; };
		3157653719DE559800A29335 /* Images.xcassets */ = {isa = PBXFileReference; lastKnownFileType = folder.assetcatalog; path = Images.xcassets; sourceTree = "<group>"; };
		3157653A19DE559800A29335 /* Base */ = {isa = PBXFileReference; lastKnownFileType = file.xib; name = Base; path = Base.lproj/LaunchScreen.xib; sourceTree = "<group>"; };
		3157654019DE559800A29335 /* GazeFocusTests.xctest */ = {isa = PBXFileReference; explicitFileType = wrapper.cfbundle; includeInIndex = 0; path = GazeFocusTests.xctest; sourceTree = BUILT_PRODUCTS_DIR; };
		3157654519DE559800A29335 /* Info.plist */ = {isa = PBXFileReference; lastKnownFileType = text.plist.xml; path = Info.plist; sourceTree = "<group>"; };
		3157654619DE559800A29335 /* GazeFocusTests.m */ = {isa = PBXFileReference; lastKnownFileType = sourcecode.c.objc; path = GazeFocusTests.m; sourceTree = "<group>"; };
		3157655019DE580600A29335 /* GoogleMaps.framework */ = {isa = PBXFileReference; lastKnownFileType = wrapper.framework; name = GoogleMaps.framework; path = "../../../../Downloads/GoogleMaps-iOS-1.8.1/GoogleMaps.framework"; sourceTree = "<group>"; };
		3157655219DE58D900A29335 /* GoogleMaps.bundle */ = {isa = PBXFileReference; lastKnownFileType = "wrapper.plug-in"; name = GoogleMaps.bundle; path = "../../../../../Downloads/GoogleMaps-iOS-1.8.1/GoogleMaps.framework/Versions/A/Resources/GoogleMaps.bundle"; sourceTree = "<group>"; };
		3157655419DE590500A29335 /* AVFoundation.framework */ = {isa = PBXFileReference; lastKnownFileType = wrapper.framework; name = AVFoundation.framework; path = System/Library/Frameworks/AVFoundation.framework; sourceTree = SDKROOT; };
		3157655619DE593C00A29335 /* libc++.dylib */ = {isa = PBXFileReference; lastKnownFileType = "compiled.mach-o.dylib"; name = "libc++.dylib"; path = "usr/lib/libc++.dylib"; sourceTree = SDKROOT; };
		3157655819DE594400A29335 /* CoreData.framework */ = {isa = PBXFileReference; lastKnownFileType = wrapper.framework; name = CoreData.framework; path = System/Library/Frameworks/CoreData.framework; sourceTree = SDKROOT; };
		3157655919DE594400A29335 /* CoreLocation.framework */ = {isa = PBXFileReference; lastKnownFileType = wrapper.framework; name = CoreLocation.framework; path = System/Library/Frameworks/CoreLocation.framework; sourceTree = SDKROOT; };
		3157655A19DE594400A29335 /* CoreText.framework */ = {isa = PBXFileReference; lastKnownFileType = wrapper.framework; name = CoreText.framework; path = System/Library/Frameworks/CoreText.framework; sourceTree = SDKROOT; };
		3157655E19DE594F00A29335 /* GLKit.framework */ = {isa = PBXFileReference; lastKnownFileType = wrapper.framework; name = GLKit.framework; path = System/Library/Frameworks/GLKit.framework; sourceTree = SDKROOT; };
		3157656019DE595500A29335 /* ImageIO.framework */ = {isa = PBXFileReference; lastKnownFileType = wrapper.framework; name = ImageIO.framework; path = System/Library/Frameworks/ImageIO.framework; sourceTree = SDKROOT; };
		3157656219DE597700A29335 /* libz.dylib */ = {isa = PBXFileReference; lastKnownFileType = "compiled.mach-o.dylib"; name = libz.dylib; path = usr/lib/libz.dylib; sourceTree = SDKROOT; };
		3157656419DE597F00A29335 /* OpenGLES.framework */ = {isa = PBXFileReference; lastKnownFileType = wrapper.framework; name = OpenGLES.framework; path = System/Library/Frameworks/OpenGLES.framework; sourceTree = SDKROOT; };
		3157656619DE598500A29335 /* QuartzCore.framework */ = {isa = PBXFileReference; lastKnownFileType = wrapper.framework; name = QuartzCore.framework; path = System/Library/Frameworks/QuartzCore.framework; sourceTree = SDKROOT; };
		3157656819DE599100A29335 /* SystemConfiguration.framework */ = {isa = PBXFileReference; lastKnownFileType = wrapper.framework; name = SystemConfiguration.framework; path = System/Library/Frameworks/SystemConfiguration.framework; sourceTree = SDKROOT; };
		3157656C19DE607900A29335 /* redbox.png */ = {isa = PBXFileReference; lastKnownFileType = image.png; path = redbox.png; sourceTree = "<group>"; };
/* End PBXFileReference section */

/* Begin PBXFrameworksBuildPhase section */
		3157652119DE559800A29335 /* Frameworks */ = {
			isa = PBXFrameworksBuildPhase;
			buildActionMask = 2147483647;
			files = (
				3157656919DE599100A29335 /* SystemConfiguration.framework in Frameworks */,
				3157656719DE598500A29335 /* QuartzCore.framework in Frameworks */,
				3157656519DE597F00A29335 /* OpenGLES.framework in Frameworks */,
				3157656319DE597700A29335 /* libz.dylib in Frameworks */,
				3157656119DE595500A29335 /* ImageIO.framework in Frameworks */,
				3157655F19DE594F00A29335 /* GLKit.framework in Frameworks */,
				3157655B19DE594400A29335 /* CoreData.framework in Frameworks */,
				3157655C19DE594400A29335 /* CoreLocation.framework in Frameworks */,
				3157655D19DE594400A29335 /* CoreText.framework in Frameworks */,
				3157655719DE593C00A29335 /* libc++.dylib in Frameworks */,
				3157655519DE590500A29335 /* AVFoundation.framework in Frameworks */,
				3157655119DE580600A29335 /* GoogleMaps.framework in Frameworks */,
			);
			runOnlyForDeploymentPostprocessing = 0;
		};
		3157653D19DE559800A29335 /* Frameworks */ = {
			isa = PBXFrameworksBuildPhase;
			buildActionMask = 2147483647;
			files = (
			);
			runOnlyForDeploymentPostprocessing = 0;
		};
/* End PBXFrameworksBuildPhase section */

/* Begin PBXGroup section */
		3157651B19DE559800A29335 = {
			isa = PBXGroup;
			children = (
				3157656C19DE607900A29335 /* redbox.png */,
				3157656819DE599100A29335 /* SystemConfiguration.framework */,
				3157656619DE598500A29335 /* QuartzCore.framework */,
				3157656419DE597F00A29335 /* OpenGLES.framework */,
				3157656219DE597700A29335 /* libz.dylib */,
				3157656019DE595500A29335 /* ImageIO.framework */,
				3157655E19DE594F00A29335 /* GLKit.framework */,
				3157655819DE594400A29335 /* CoreData.framework */,
				3157655919DE594400A29335 /* CoreLocation.framework */,
				3157655A19DE594400A29335 /* CoreText.framework */,
				3157655619DE593C00A29335 /* libc++.dylib */,
				3157655419DE590500A29335 /* AVFoundation.framework */,
				3157655019DE580600A29335 /* GoogleMaps.framework */,
				3157652619DE559800A29335 /* GazeFocus */,
				3157654319DE559800A29335 /* GazeFocusTests */,
				3157652519DE559800A29335 /* Products */,
			);
			sourceTree = "<group>";
		};
		3157652519DE559800A29335 /* Products */ = {
			isa = PBXGroup;
			children = (
				3157652419DE559800A29335 /* GazeFocus.app */,
				3157654019DE559800A29335 /* GazeFocusTests.xctest */,
			);
			name = Products;
			sourceTree = "<group>";
		};
		3157652619DE559800A29335 /* GazeFocus */ = {
			isa = PBXGroup;
			children = (
				3157652B19DE559800A29335 /* AppDelegate.h */,
				3157655219DE58D900A29335 /* GoogleMaps.bundle */,
				3157652C19DE559800A29335 /* AppDelegate.m */,
				3157653119DE559800A29335 /* ViewController.h */,
				3157653219DE559800A29335 /* ViewController.m */,
				3157653419DE559800A29335 /* Main.storyboard */,
				3157653719DE559800A29335 /* Images.xcassets */,
				3157653919DE559800A29335 /* LaunchScreen.xib */,
				3157652E19DE559800A29335 /* GazeFocus.xcdatamodeld */,
				3157652719DE559800A29335 /* Supporting Files */,
			);
			path = GazeFocus;
			sourceTree = "<group>";
		};
		3157652719DE559800A29335 /* Supporting Files */ = {
			isa = PBXGroup;
			children = (
				3157652819DE559800A29335 /* Info.plist */,
				3157652919DE559800A29335 /* main.m */,
			);
			name = "Supporting Files";
			sourceTree = "<group>";
		};
		3157654319DE559800A29335 /* GazeFocusTests */ = {
			isa = PBXGroup;
			children = (
				3157654619DE559800A29335 /* GazeFocusTests.m */,
				3157654419DE559800A29335 /* Supporting Files */,
			);
			path = GazeFocusTests;
			sourceTree = "<group>";
		};
		3157654419DE559800A29335 /* Supporting Files */ = {
			isa = PBXGroup;
			children = (
				3157654519DE559800A29335 /* Info.plist */,
			);
			name = "Supporting Files";
			sourceTree = "<group>";
		};
/* End PBXGroup section */

/* Begin PBXNativeTarget section */
		3157652319DE559800A29335 /* GazeFocus */ = {
			isa = PBXNativeTarget;
			buildConfigurationList = 3157654A19DE559800A29335 /* Build configuration list for PBXNativeTarget "GazeFocus" */;
			buildPhases = (
				3157652019DE559800A29335 /* Sources */,
				3157652119DE559800A29335 /* Frameworks */,
				3157652219DE559800A29335 /* Resources */,
			);
			buildRules = (
			);
			dependencies = (
			);
			name = GazeFocus;
			productName = GazeFocus;
			productReference = 3157652419DE559800A29335 /* GazeFocus.app */;
			productType = "com.apple.product-type.application";
		};
		3157653F19DE559800A29335 /* GazeFocusTests */ = {
			isa = PBXNativeTarget;
			buildConfigurationList = 3157654D19DE559800A29335 /* Build configuration list for PBXNativeTarget "GazeFocusTests" */;
			buildPhases = (
				3157653C19DE559800A29335 /* Sources */,
				3157653D19DE559800A29335 /* Frameworks */,
				3157653E19DE559800A29335 /* Resources */,
			);
			buildRules = (
			);
			dependencies = (
				3157654219DE559800A29335 /* PBXTargetDependency */,
			);
			name = GazeFocusTests;
			productName = GazeFocusTests;
			productReference = 3157654019DE559800A29335 /* GazeFocusTests.xctest */;
			productType = "com.apple.product-type.bundle.unit-test";
		};
/* End PBXNativeTarget section */

/* Begin PBXProject section */
		3157651C19DE559800A29335 /* Project object */ = {
			isa = PBXProject;
			attributes = {
				LastUpgradeCheck = 0600;
				ORGANIZATIONNAME = "Tuko Apps";
				TargetAttributes = {
					3157652319DE559800A29335 = {
						CreatedOnToolsVersion = 6.0.1;
					};
					3157653F19DE559800A29335 = {
						CreatedOnToolsVersion = 6.0.1;
						TestTargetID = 3157652319DE559800A29335;
					};
				};
			};
			buildConfigurationList = 3157651F19DE559800A29335 /* Build configuration list for PBXProject "GazeFocus" */;
			compatibilityVersion = "Xcode 3.2";
			developmentRegion = English;
			hasScannedForEncodings = 0;
			knownRegions = (
				en,
				Base,
			);
			mainGroup = 3157651B19DE559800A29335;
			productRefGroup = 3157652519DE559800A29335 /* Products */;
			projectDirPath = "";
			projectRoot = "";
			targets = (
				3157652319DE559800A29335 /* GazeFocus */,
				3157653F19DE559800A29335 /* GazeFocusTests */,
			);
		};
/* End PBXProject section */

/* Begin PBXResourcesBuildPhase section */
		3157652219DE559800A29335 /* Resources */ = {
			isa = PBXResourcesBuildPhase;
			buildActionMask = 2147483647;
			files = (
				3157656D19DE607900A29335 /* redbox.png in Resources */,
				3157653619DE559800A29335 /* Main.storyboard in Resources */,
				3157653B19DE559800A29335 /* LaunchScreen.xib in Resources */,
				3157653819DE559800A29335 /* Images.xcassets in Resources */,
				3157655319DE58D900A29335 /* GoogleMaps.bundle in Resources */,
			);
			runOnlyForDeploymentPostprocessing = 0;
		};
		3157653E19DE559800A29335 /* Resources */ = {
			isa = PBXResourcesBuildPhase;
			buildActionMask = 2147483647;
			files = (
			);
			runOnlyForDeploymentPostprocessing = 0;
		};
/* End PBXResourcesBuildPhase section */

/* Begin PBXSourcesBuildPhase section */
		3157652019DE559800A29335 /* Sources */ = {
			isa = PBXSourcesBuildPhase;
			buildActionMask = 2147483647;
			files = (
				3157652D19DE559800A29335 /* AppDelegate.m in Sources */,
				3157653019DE559800A29335 /* GazeFocus.xcdatamodeld in Sources */,
				3157653319DE559800A29335 /* ViewController.m in Sources */,
				3157652A19DE559800A29335 /* main.m in Sources */,
			);
			runOnlyForDeploymentPostprocessing = 0;
		};
		3157653C19DE559800A29335 /* Sources */ = {
			isa = PBXSourcesBuildPhase;
			buildActionMask = 2147483647;
			files = (
				3157654719DE559800A29335 /* GazeFocusTests.m in Sources */,
			);
			runOnlyForDeploymentPostprocessing = 0;
		};
/* End PBXSourcesBuildPhase section */

/* Begin PBXTargetDependency section */
		3157654219DE559800A29335 /* PBXTargetDependency */ = {
			isa = PBXTargetDependency;
			target = 3157652319DE559800A29335 /* GazeFocus */;
			targetProxy = 3157654119DE559800A29335 /* PBXContainerItemProxy */;
		};
/* End PBXTargetDependency section */

/* Begin PBXVariantGroup section */
		3157653419DE559800A29335 /* Main.storyboard */ = {
			isa = PBXVariantGroup;
			children = (
				3157653519DE559800A29335 /* Base */,
			);
			name = Main.storyboard;
			sourceTree = "<group>";
		};
		3157653919DE559800A29335 /* LaunchScreen.xib */ = {
			isa = PBXVariantGroup;
			children = (
				3157653A19DE559800A29335 /* Base */,
			);
			name = LaunchScreen.xib;
			sourceTree = "<group>";
		};
/* End PBXVariantGroup section */

/* Begin XCBuildConfiguration section */
		3157654819DE559800A29335 /* Debug */ = {
			isa = XCBuildConfiguration;
			buildSettings = {
				ALWAYS_SEARCH_USER_PATHS = NO;
				CLANG_CXX_LANGUAGE_STANDARD = "gnu++0x";
				CLANG_CXX_LIBRARY = "libc++";
				CLANG_ENABLE_MODULES = YES;
				CLANG_ENABLE_OBJC_ARC = YES;
				CLANG_WARN_BOOL_CONVERSION = YES;
				CLANG_WARN_CONSTANT_CONVERSION = YES;
				CLANG_WARN_DIRECT_OBJC_ISA_USAGE = YES_ERROR;
				CLANG_WARN_EMPTY_BODY = YES;
				CLANG_WARN_ENUM_CONVERSION = YES;
				CLANG_WARN_INT_CONVERSION = YES;
				CLANG_WARN_OBJC_ROOT_CLASS = YES_ERROR;
				CLANG_WARN_UNREACHABLE_CODE = YES;
				CLANG_WARN__DUPLICATE_METHOD_MATCH = YES;
				"CODE_SIGN_IDENTITY[sdk=iphoneos*]" = "iPhone Developer";
				COPY_PHASE_STRIP = NO;
				ENABLE_STRICT_OBJC_MSGSEND = YES;
				GCC_C_LANGUAGE_STANDARD = gnu99;
				GCC_DYNAMIC_NO_PIC = NO;
				GCC_OPTIMIZATION_LEVEL = 0;
				GCC_PREPROCESSOR_DEFINITIONS = (
					"DEBUG=1",
					"$(inherited)",
				);
				GCC_SYMBOLS_PRIVATE_EXTERN = NO;
				GCC_WARN_64_TO_32_BIT_CONVERSION = YES;
				GCC_WARN_ABOUT_RETURN_TYPE = YES_ERROR;
				GCC_WARN_UNDECLARED_SELECTOR = YES;
				GCC_WARN_UNINITIALIZED_AUTOS = YES_AGGRESSIVE;
				GCC_WARN_UNUSED_FUNCTION = YES;
				GCC_WARN_UNUSED_VARIABLE = YES;
				IPHONEOS_DEPLOYMENT_TARGET = 8.0;
				MTL_ENABLE_DEBUG_INFO = YES;
				ONLY_ACTIVE_ARCH = YES;
				SDKROOT = iphoneos;
			};
			name = Debug;
		};
		3157654919DE559800A29335 /* Release */ = {
			isa = XCBuildConfiguration;
			buildSettings = {
				ALWAYS_SEARCH_USER_PATHS = NO;
				CLANG_CXX_LANGUAGE_STANDARD = "gnu++0x";
				CLANG_CXX_LIBRARY = "libc++";
				CLANG_ENABLE_MODULES = YES;
				CLANG_ENABLE_OBJC_ARC = YES;
				CLANG_WARN_BOOL_CONVERSION = YES;
				CLANG_WARN_CONSTANT_CONVERSION = YES;
				CLANG_WARN_DIRECT_OBJC_ISA_USAGE = YES_ERROR;
				CLANG_WARN_EMPTY_BODY = YES;
				CLANG_WARN_ENUM_CONVERSION = YES;
				CLANG_WARN_INT_CONVERSION = YES;
				CLANG_WARN_OBJC_ROOT_CLASS = YES_ERROR;
				CLANG_WARN_UNREACHABLE_CODE = YES;
				CLANG_WARN__DUPLICATE_METHOD_MATCH = YES;
				"CODE_SIGN_IDENTITY[sdk=iphoneos*]" = "iPhone Developer";
				COPY_PHASE_STRIP = YES;
				ENABLE_NS_ASSERTIONS = NO;
				ENABLE_STRICT_OBJC_MSGSEND = YES;
				GCC_C_LANGUAGE_STANDARD = gnu99;
				GCC_WARN_64_TO_32_BIT_CONVERSION = YES;
				GCC_WARN_ABOUT_RETURN_TYPE = YES_ERROR;
				GCC_WARN_UNDECLARED_SELECTOR = YES;
				GCC_WARN_UNINITIALIZED_AUTOS = YES_AGGRESSIVE;
				GCC_WARN_UNUSED_FUNCTION = YES;
				GCC_WARN_UNUSED_VARIABLE = YES;
				IPHONEOS_DEPLOYMENT_TARGET = 8.0;
				MTL_ENABLE_DEBUG_INFO = NO;
				SDKROOT = iphoneos;
				VALIDATE_PRODUCT = YES;
			};
			name = Release;
		};
		3157654B19DE559800A29335 /* Debug */ = {
			isa = XCBuildConfiguration;
			buildSettings = {
				ASSETCATALOG_COMPILER_APPICON_NAME = AppIcon;
				FRAMEWORK_SEARCH_PATHS = (
					"$(inherited)",
					"/Users/Zak/Downloads/GoogleMaps-iOS-1.8.1",
				);
				INFOPLIST_FILE = GazeFocus/Info.plist;
				LD_RUNPATH_SEARCH_PATHS = "$(inherited) @executable_path/Frameworks";
				OTHER_LDFLAGS = "-ObjC";
				PRODUCT_NAME = "$(TARGET_NAME)";
			};
			name = Debug;
		};
		3157654C19DE559800A29335 /* Release */ = {
			isa = XCBuildConfiguration;
			buildSettings = {
				ASSETCATALOG_COMPILER_APPICON_NAME = AppIcon;
				FRAMEWORK_SEARCH_PATHS = (
					"$(inherited)",
					"/Users/Zak/Downloads/GoogleMaps-iOS-1.8.1",
				);
				INFOPLIST_FILE = GazeFocus/Info.plist;
				LD_RUNPATH_SEARCH_PATHS = "$(inherited) @executable_path/Frameworks";
				OTHER_LDFLAGS = "-ObjC";
				PRODUCT_NAME = "$(TARGET_NAME)";
			};
			name = Release;
		};
		3157654E19DE559800A29335 /* Debug */ = {
			isa = XCBuildConfiguration;
			buildSettings = {
				BUNDLE_LOADER = "$(TEST_HOST)";
				FRAMEWORK_SEARCH_PATHS = (
					"$(SDKROOT)/Developer/Library/Frameworks",
					"$(inherited)",
				);
				GCC_PREPROCESSOR_DEFINITIONS = (
					"DEBUG=1",
					"$(inherited)",
				);
				INFOPLIST_FILE = GazeFocusTests/Info.plist;
				LD_RUNPATH_SEARCH_PATHS = "$(inherited) @executable_path/Frameworks @loader_path/Frameworks";
				PRODUCT_NAME = "$(TARGET_NAME)";
				TEST_HOST = "$(BUILT_PRODUCTS_DIR)/GazeFocus.app/GazeFocus";
			};
			name = Debug;
		};
		3157654F19DE559800A29335 /* Release */ = {
			isa = XCBuildConfiguration;
			buildSettings = {
				BUNDLE_LOADER = "$(TEST_HOST)";
				FRAMEWORK_SEARCH_PATHS = (
					"$(SDKROOT)/Developer/Library/Frameworks",
					"$(inherited)",
				);
				INFOPLIST_FILE = GazeFocusTests/Info.plist;
				LD_RUNPATH_SEARCH_PATHS = "$(inherited) @executable_path/Frameworks @loader_path/Frameworks";
				PRODUCT_NAME = "$(TARGET_NAME)";
				TEST_HOST = "$(BUILT_PRODUCTS_DIR)/GazeFocus.app/GazeFocus";
			};
			name = Release;
		};
/* End XCBuildConfiguration section */

/* Begin XCConfigurationList section */
		3157651F19DE559800A29335 /* Build configuration list for PBXProject "GazeFocus" */ = {
			isa = XCConfigurationList;
			buildConfigurations = (
				3157654819DE559800A29335 /* Debug */,
				3157654919DE559800A29335 /* Release */,
			);
			defaultConfigurationIsVisible = 0;
			defaultConfigurationName = Release;
		};
		3157654A19DE559800A29335 /* Build configuration list for PBXNativeTarget "GazeFocus" */ = {
			isa = XCConfigurationList;
			buildConfigurations = (
				3157654B19DE559800A29335 /* Debug */,
				3157654C19DE559800A29335 /* Release */,
			);
			defaultConfigurationIsVisible = 0;
		};
		3157654D19DE559800A29335 /* Build configuration list for PBXNativeTarget "GazeFocusTests" */ = {
			isa = XCConfigurationList;
			buildConfigurations = (
				3157654E19DE559800A29335 /* Debug */,
				3157654F19DE559800A29335 /* Release */,
			);
			defaultConfigurationIsVisible = 0;
		};
/* End XCConfigurationList section */

/* Begin XCVersionGroup section */
		3157652E19DE559800A29335 /* GazeFocus.xcdatamodeld */ = {
			isa = XCVersionGroup;
			children = (
				3157652F19DE559800A29335 /* GazeFocus.xcdatamodel */,
			);
			currentVersion = 3157652F19DE559800A29335 /* GazeFocus.xcdatamodel */;
			path = GazeFocus.xcdatamodeld;
			sourceTree = "<group>";
			versionGroupType = wrapper.xcdatamodel;
		};
/* End XCVersionGroup section */
	};
	rootObject = 3157651C19DE559800A29335 /* Project object */;
}
